// !$*UTF8*$!
{
	archiveVersion = 1;
	classes = {
	};
	objectVersion = 52;
	objects = {

/* Begin PBXBuildFile section */
		050EAA84252248B000E9CA26 /* MovieVideo.swift in Sources */ = {isa = PBXBuildFile; fileRef = 050EAA83252248B000E9CA26 /* MovieVideo.swift */; };
		050EAA872523127200E9CA26 /* WebKit.framework in Frameworks */ = {isa = PBXBuildFile; fileRef = 050EAA862523127200E9CA26 /* WebKit.framework */; };
		052A2779251F838900909A6E /* Constants.swift in Sources */ = {isa = PBXBuildFile; fileRef = 052A2778251F838900909A6E /* Constants.swift */; };
		052A277C251F8E6E00909A6E /* TMError.swift in Sources */ = {isa = PBXBuildFile; fileRef = 052A277B251F8E6E00909A6E /* TMError.swift */; };
		052A277E251F909B00909A6E /* ServerError.swift in Sources */ = {isa = PBXBuildFile; fileRef = 052A277D251F909B00909A6E /* ServerError.swift */; };
		052A2780251F912A00909A6E /* Movie.swift in Sources */ = {isa = PBXBuildFile; fileRef = 052A277F251F912A00909A6E /* Movie.swift */; };
		054C55E52524CA5C0019F49C /* TheMovieTest.xcdatamodeld in Sources */ = {isa = PBXBuildFile; fileRef = 054C55E32524CA5C0019F49C /* TheMovieTest.xcdatamodeld */; };
		054C55E72524CAC70019F49C /* CoreDataManager.swift in Sources */ = {isa = PBXBuildFile; fileRef = 054C55E62524CAC60019F49C /* CoreDataManager.swift */; };
		054C560D2524DC360019F49C /* CDMovieVideo+CoreDataProperties.swift in Sources */ = {isa = PBXBuildFile; fileRef = 054C56092524DC360019F49C /* CDMovieVideo+CoreDataProperties.swift */; };
		054C560E2524DC360019F49C /* CDFavoriteMovie+CoreDataClass.swift in Sources */ = {isa = PBXBuildFile; fileRef = 054C560A2524DC360019F49C /* CDFavoriteMovie+CoreDataClass.swift */; };
		054C560F2524DC360019F49C /* CDFavoriteMovie+CoreDataProperties.swift in Sources */ = {isa = PBXBuildFile; fileRef = 054C560B2524DC360019F49C /* CDFavoriteMovie+CoreDataProperties.swift */; };
		054C56102524DC360019F49C /* CDMovieVideo+CoreDataClass.swift in Sources */ = {isa = PBXBuildFile; fileRef = 054C560C2524DC360019F49C /* CDMovieVideo+CoreDataClass.swift */; };
		056099BC2521CCBA00C77659 /* Utils.swift in Sources */ = {isa = PBXBuildFile; fileRef = 056099BB2521CCBA00C77659 /* Utils.swift */; };
		056099BF2521CD0A00C77659 /* TMDateFormatter.swift in Sources */ = {isa = PBXBuildFile; fileRef = 056099BE2521CD0A00C77659 /* TMDateFormatter.swift */; };
		056099C1252203B000C77659 /* SwiftyJSON.swift in Sources */ = {isa = PBXBuildFile; fileRef = 056099C0252203AF00C77659 /* SwiftyJSON.swift */; };
		056099C525220EF800C77659 /* ReusableCell.swift in Sources */ = {isa = PBXBuildFile; fileRef = 056099C425220EF800C77659 /* ReusableCell.swift */; };
		056099C725220F0400C77659 /* Storyboardable.swift in Sources */ = {isa = PBXBuildFile; fileRef = 056099C625220F0400C77659 /* Storyboardable.swift */; };
		056099C925220F1800C77659 /* UITableView+Methods.swift in Sources */ = {isa = PBXBuildFile; fileRef = 056099C825220F1800C77659 /* UITableView+Methods.swift */; };
		056099CB25220F8400C77659 /* MoviesViewController.swift in Sources */ = {isa = PBXBuildFile; fileRef = 056099CA25220F8400C77659 /* MoviesViewController.swift */; };
		056099CD25220FA400C77659 /* MoviesPresenter.swift in Sources */ = {isa = PBXBuildFile; fileRef = 056099CC25220FA400C77659 /* MoviesPresenter.swift */; };
		056099CF252210B800C77659 /* DataLoadable.swift in Sources */ = {isa = PBXBuildFile; fileRef = 056099CE252210B800C77659 /* DataLoadable.swift */; };
		056099D12522130100C77659 /* Array.swift in Sources */ = {isa = PBXBuildFile; fileRef = 056099D02522130100C77659 /* Array.swift */; };
		056099D62522184600C77659 /* MovieCell.swift in Sources */ = {isa = PBXBuildFile; fileRef = 056099D42522184600C77659 /* MovieCell.swift */; };
		056099D72522184600C77659 /* MovieCell.xib in Resources */ = {isa = PBXBuildFile; fileRef = 056099D52522184600C77659 /* MovieCell.xib */; };
		05BEE1F6251F2CDC00BEDE9F /* AppDelegate.swift in Sources */ = {isa = PBXBuildFile; fileRef = 05BEE1F5251F2CDC00BEDE9F /* AppDelegate.swift */; };
		05BEE1F8251F2CDC00BEDE9F /* SceneDelegate.swift in Sources */ = {isa = PBXBuildFile; fileRef = 05BEE1F7251F2CDC00BEDE9F /* SceneDelegate.swift */; };
		05BEE1FD251F2CDD00BEDE9F /* Main.storyboard in Resources */ = {isa = PBXBuildFile; fileRef = 05BEE1FB251F2CDD00BEDE9F /* Main.storyboard */; };
		05BEE1FF251F2CDE00BEDE9F /* Assets.xcassets in Resources */ = {isa = PBXBuildFile; fileRef = 05BEE1FE251F2CDE00BEDE9F /* Assets.xcassets */; };
		05BEE202251F2CDE00BEDE9F /* LaunchScreen.storyboard in Resources */ = {isa = PBXBuildFile; fileRef = 05BEE200251F2CDE00BEDE9F /* LaunchScreen.storyboard */; };
		05BEE210251F317C00BEDE9F /* NetworkManager.swift in Sources */ = {isa = PBXBuildFile; fileRef = 05BEE20F251F317C00BEDE9F /* NetworkManager.swift */; };
		05BEE212251F329200BEDE9F /* Reachability.swift in Sources */ = {isa = PBXBuildFile; fileRef = 05BEE211251F329200BEDE9F /* Reachability.swift */; };
		05BEE215251F336E00BEDE9F /* PrintExtensions.swift in Sources */ = {isa = PBXBuildFile; fileRef = 05BEE214251F336E00BEDE9F /* PrintExtensions.swift */; };
		05BEE217251F3C8A00BEDE9F /* AlertManager.swift in Sources */ = {isa = PBXBuildFile; fileRef = 05BEE216251F3C8A00BEDE9F /* AlertManager.swift */; };
		05D823C8252226100006FE6D /* SDWebImage in Frameworks */ = {isa = PBXBuildFile; productRef = 05D823C7252226100006FE6D /* SDWebImage */; };
		05F0728A252244AF00786366 /* WebViewController.swift in Sources */ = {isa = PBXBuildFile; fileRef = 05F07289252244AF00786366 /* WebViewController.swift */; };
/* End PBXBuildFile section */

/* Begin PBXFileReference section */
		050EAA83252248B000E9CA26 /* MovieVideo.swift */ = {isa = PBXFileReference; lastKnownFileType = sourcecode.swift; path = MovieVideo.swift; sourceTree = "<group>"; };
		050EAA862523127200E9CA26 /* WebKit.framework */ = {isa = PBXFileReference; lastKnownFileType = wrapper.framework; name = WebKit.framework; path = System/Library/Frameworks/WebKit.framework; sourceTree = SDKROOT; };
		052A2778251F838900909A6E /* Constants.swift */ = {isa = PBXFileReference; lastKnownFileType = sourcecode.swift; path = Constants.swift; sourceTree = "<group>"; };
		052A277B251F8E6E00909A6E /* TMError.swift */ = {isa = PBXFileReference; lastKnownFileType = sourcecode.swift; path = TMError.swift; sourceTree = "<group>"; };
		052A277D251F909B00909A6E /* ServerError.swift */ = {isa = PBXFileReference; lastKnownFileType = sourcecode.swift; path = ServerError.swift; sourceTree = "<group>"; };
		052A277F251F912A00909A6E /* Movie.swift */ = {isa = PBXFileReference; lastKnownFileType = sourcecode.swift; path = Movie.swift; sourceTree = "<group>"; };
		054C55E42524CA5C0019F49C /* TheMovieTest.xcdatamodel */ = {isa = PBXFileReference; lastKnownFileType = wrapper.xcdatamodel; path = TheMovieTest.xcdatamodel; sourceTree = "<group>"; };
		054C55E62524CAC60019F49C /* CoreDataManager.swift */ = {isa = PBXFileReference; lastKnownFileType = sourcecode.swift; path = CoreDataManager.swift; sourceTree = "<group>"; };
		054C56092524DC360019F49C /* CDMovieVideo+CoreDataProperties.swift */ = {isa = PBXFileReference; fileEncoding = 4; lastKnownFileType = sourcecode.swift; path = "CDMovieVideo+CoreDataProperties.swift"; sourceTree = "<group>"; };
		054C560A2524DC360019F49C /* CDFavoriteMovie+CoreDataClass.swift */ = {isa = PBXFileReference; fileEncoding = 4; lastKnownFileType = sourcecode.swift; path = "CDFavoriteMovie+CoreDataClass.swift"; sourceTree = "<group>"; };
		054C560B2524DC360019F49C /* CDFavoriteMovie+CoreDataProperties.swift */ = {isa = PBXFileReference; fileEncoding = 4; lastKnownFileType = sourcecode.swift; path = "CDFavoriteMovie+CoreDataProperties.swift"; sourceTree = "<group>"; };
		054C560C2524DC360019F49C /* CDMovieVideo+CoreDataClass.swift */ = {isa = PBXFileReference; fileEncoding = 4; lastKnownFileType = sourcecode.swift; path = "CDMovieVideo+CoreDataClass.swift"; sourceTree = "<group>"; };
		056099BB2521CCBA00C77659 /* Utils.swift */ = {isa = PBXFileReference; lastKnownFileType = sourcecode.swift; path = Utils.swift; sourceTree = "<group>"; };
		056099BE2521CD0A00C77659 /* TMDateFormatter.swift */ = {isa = PBXFileReference; lastKnownFileType = sourcecode.swift; path = TMDateFormatter.swift; sourceTree = "<group>"; };
		056099C0252203AF00C77659 /* SwiftyJSON.swift */ = {isa = PBXFileReference; fileEncoding = 4; lastKnownFileType = sourcecode.swift; path = SwiftyJSON.swift; sourceTree = "<group>"; };
		056099C425220EF800C77659 /* ReusableCell.swift */ = {isa = PBXFileReference; fileEncoding = 4; lastKnownFileType = sourcecode.swift; path = ReusableCell.swift; sourceTree = "<group>"; };
		056099C625220F0400C77659 /* Storyboardable.swift */ = {isa = PBXFileReference; fileEncoding = 4; lastKnownFileType = sourcecode.swift; path = Storyboardable.swift; sourceTree = "<group>"; };
		056099C825220F1800C77659 /* UITableView+Methods.swift */ = {isa = PBXFileReference; fileEncoding = 4; lastKnownFileType = sourcecode.swift; path = "UITableView+Methods.swift"; sourceTree = "<group>"; };
		056099CA25220F8400C77659 /* MoviesViewController.swift */ = {isa = PBXFileReference; lastKnownFileType = sourcecode.swift; path = MoviesViewController.swift; sourceTree = "<group>"; };
		056099CC25220FA400C77659 /* MoviesPresenter.swift */ = {isa = PBXFileReference; lastKnownFileType = sourcecode.swift; path = MoviesPresenter.swift; sourceTree = "<group>"; };
		056099CE252210B800C77659 /* DataLoadable.swift */ = {isa = PBXFileReference; lastKnownFileType = sourcecode.swift; path = DataLoadable.swift; sourceTree = "<group>"; };
		056099D02522130100C77659 /* Array.swift */ = {isa = PBXFileReference; lastKnownFileType = sourcecode.swift; path = Array.swift; sourceTree = "<group>"; };
		056099D42522184600C77659 /* MovieCell.swift */ = {isa = PBXFileReference; lastKnownFileType = sourcecode.swift; path = MovieCell.swift; sourceTree = "<group>"; };
		056099D52522184600C77659 /* MovieCell.xib */ = {isa = PBXFileReference; lastKnownFileType = file.xib; path = MovieCell.xib; sourceTree = "<group>"; };
		05BEE1F2251F2CDC00BEDE9F /* TheMovieTest.app */ = {isa = PBXFileReference; explicitFileType = wrapper.application; includeInIndex = 0; path = TheMovieTest.app; sourceTree = BUILT_PRODUCTS_DIR; };
		05BEE1F5251F2CDC00BEDE9F /* AppDelegate.swift */ = {isa = PBXFileReference; lastKnownFileType = sourcecode.swift; path = AppDelegate.swift; sourceTree = "<group>"; };
		05BEE1F7251F2CDC00BEDE9F /* SceneDelegate.swift */ = {isa = PBXFileReference; lastKnownFileType = sourcecode.swift; path = SceneDelegate.swift; sourceTree = "<group>"; };
		05BEE1FC251F2CDD00BEDE9F /* Base */ = {isa = PBXFileReference; lastKnownFileType = file.storyboard; name = Base; path = Base.lproj/Main.storyboard; sourceTree = "<group>"; };
		05BEE1FE251F2CDE00BEDE9F /* Assets.xcassets */ = {isa = PBXFileReference; lastKnownFileType = folder.assetcatalog; path = Assets.xcassets; sourceTree = "<group>"; };
		05BEE201251F2CDE00BEDE9F /* Base */ = {isa = PBXFileReference; lastKnownFileType = file.storyboard; name = Base; path = Base.lproj/LaunchScreen.storyboard; sourceTree = "<group>"; };
		05BEE203251F2CDE00BEDE9F /* Info.plist */ = {isa = PBXFileReference; lastKnownFileType = text.plist.xml; path = Info.plist; sourceTree = "<group>"; };
		05BEE20F251F317C00BEDE9F /* NetworkManager.swift */ = {isa = PBXFileReference; lastKnownFileType = sourcecode.swift; path = NetworkManager.swift; sourceTree = "<group>"; };
		05BEE211251F329200BEDE9F /* Reachability.swift */ = {isa = PBXFileReference; lastKnownFileType = sourcecode.swift; path = Reachability.swift; sourceTree = "<group>"; };
		05BEE214251F336E00BEDE9F /* PrintExtensions.swift */ = {isa = PBXFileReference; fileEncoding = 4; lastKnownFileType = sourcecode.swift; path = PrintExtensions.swift; sourceTree = "<group>"; };
		05BEE216251F3C8A00BEDE9F /* AlertManager.swift */ = {isa = PBXFileReference; lastKnownFileType = sourcecode.swift; path = AlertManager.swift; sourceTree = "<group>"; };
		05F07289252244AF00786366 /* WebViewController.swift */ = {isa = PBXFileReference; lastKnownFileType = sourcecode.swift; path = WebViewController.swift; sourceTree = "<group>"; };
/* End PBXFileReference section */

/* Begin PBXFrameworksBuildPhase section */
		05BEE1EF251F2CDC00BEDE9F /* Frameworks */ = {
			isa = PBXFrameworksBuildPhase;
			buildActionMask = 2147483647;
			files = (
				050EAA872523127200E9CA26 /* WebKit.framework in Frameworks */,
				05D823C8252226100006FE6D /* SDWebImage in Frameworks */,
			);
			runOnlyForDeploymentPostprocessing = 0;
		};
/* End PBXFrameworksBuildPhase section */

/* Begin PBXGroup section */
		050EAA852523127200E9CA26 /* Frameworks */ = {
			isa = PBXGroup;
			children = (
				050EAA862523127200E9CA26 /* WebKit.framework */,
			);
			name = Frameworks;
			sourceTree = "<group>";
		};
		052A277A251F8E5C00909A6E /* Models */ = {
			isa = PBXGroup;
			children = (
				054C55E82524D8F40019F49C /* CDObjects */,
				052A277B251F8E6E00909A6E /* TMError.swift */,
				052A277D251F909B00909A6E /* ServerError.swift */,
				052A277F251F912A00909A6E /* Movie.swift */,
				050EAA83252248B000E9CA26 /* MovieVideo.swift */,
			);
			path = Models;
			sourceTree = "<group>";
		};
		054C55E22524CA3C0019F49C /* CoreData */ = {
			isa = PBXGroup;
			children = (
				054C55E32524CA5C0019F49C /* TheMovieTest.xcdatamodeld */,
			);
			path = CoreData;
			sourceTree = "<group>";
		};
		054C55E82524D8F40019F49C /* CDObjects */ = {
			isa = PBXGroup;
			children = (
				054C560A2524DC360019F49C /* CDFavoriteMovie+CoreDataClass.swift */,
				054C560B2524DC360019F49C /* CDFavoriteMovie+CoreDataProperties.swift */,
				054C560C2524DC360019F49C /* CDMovieVideo+CoreDataClass.swift */,
				054C56092524DC360019F49C /* CDMovieVideo+CoreDataProperties.swift */,
			);
			path = CDObjects;
			sourceTree = "<group>";
		};
		056099BD2521CCD700C77659 /* Utilities */ = {
			isa = PBXGroup;
			children = (
				056099BB2521CCBA00C77659 /* Utils.swift */,
				056099BE2521CD0A00C77659 /* TMDateFormatter.swift */,
				056099C0252203AF00C77659 /* SwiftyJSON.swift */,
			);
			path = Utilities;
			sourceTree = "<group>";
		};
		056099C225220E8100C77659 /* PopularMovies */ = {
			isa = PBXGroup;
			children = (
				056099D22522180600C77659 /* CustomViews */,
				056099CC25220FA400C77659 /* MoviesPresenter.swift */,
				056099CA25220F8400C77659 /* MoviesViewController.swift */,
				05F07289252244AF00786366 /* WebViewController.swift */,
			);
			path = PopularMovies;
			sourceTree = "<group>";
		};
		056099C325220ED500C77659 /* Protocols */ = {
			isa = PBXGroup;
			children = (
				056099C425220EF800C77659 /* ReusableCell.swift */,
				056099C625220F0400C77659 /* Storyboardable.swift */,
				056099CE252210B800C77659 /* DataLoadable.swift */,
			);
			path = Protocols;
			sourceTree = "<group>";
		};
		056099D22522180600C77659 /* CustomViews */ = {
			isa = PBXGroup;
			children = (
				056099D32522180C00C77659 /* Cells */,
			);
			path = CustomViews;
			sourceTree = "<group>";
		};
		056099D32522180C00C77659 /* Cells */ = {
			isa = PBXGroup;
			children = (
				056099D42522184600C77659 /* MovieCell.swift */,
				056099D52522184600C77659 /* MovieCell.xib */,
			);
			path = Cells;
			sourceTree = "<group>";
		};
		05BEE1E9251F2CDC00BEDE9F = {
			isa = PBXGroup;
			children = (
				05BEE1F4251F2CDC00BEDE9F /* TheMovieTest */,
				05BEE1F3251F2CDC00BEDE9F /* Products */,
				050EAA852523127200E9CA26 /* Frameworks */,
			);
			sourceTree = "<group>";
		};
		05BEE1F3251F2CDC00BEDE9F /* Products */ = {
			isa = PBXGroup;
			children = (
				05BEE1F2251F2CDC00BEDE9F /* TheMovieTest.app */,
			);
			name = Products;
			sourceTree = "<group>";
		};
		05BEE1F4251F2CDC00BEDE9F /* TheMovieTest */ = {
			isa = PBXGroup;
			children = (
				05BEE20B251F2D2600BEDE9F /* Classes */,
				05BEE209251F2CF100BEDE9F /* Resources */,
			);
			path = TheMovieTest;
			sourceTree = "<group>";
		};
		05BEE209251F2CF100BEDE9F /* Resources */ = {
			isa = PBXGroup;
			children = (
				054C55E22524CA3C0019F49C /* CoreData */,
				05BEE1FE251F2CDE00BEDE9F /* Assets.xcassets */,
				05BEE203251F2CDE00BEDE9F /* Info.plist */,
				05BEE20A251F2D0800BEDE9F /* Storyboards */,
			);
			path = Resources;
			sourceTree = "<group>";
		};
		05BEE20A251F2D0800BEDE9F /* Storyboards */ = {
			isa = PBXGroup;
			children = (
				05BEE1FB251F2CDD00BEDE9F /* Main.storyboard */,
				05BEE200251F2CDE00BEDE9F /* LaunchScreen.storyboard */,
			);
			path = Storyboards;
			sourceTree = "<group>";
		};
		05BEE20B251F2D2600BEDE9F /* Classes */ = {
			isa = PBXGroup;
			children = (
				05BEE20C251F2D9400BEDE9F /* App */,
				056099BD2521CCD700C77659 /* Utilities */,
				05BEE213251F334300BEDE9F /* Extensions */,
				056099C325220ED500C77659 /* Protocols */,
				05BEE20E251F315900BEDE9F /* Managers */,
				052A277A251F8E5C00909A6E /* Models */,
				056099C225220E8100C77659 /* PopularMovies */,
			);
			path = Classes;
			sourceTree = "<group>";
		};
		05BEE20C251F2D9400BEDE9F /* App */ = {
			isa = PBXGroup;
			children = (
				05BEE1F5251F2CDC00BEDE9F /* AppDelegate.swift */,
				05BEE1F7251F2CDC00BEDE9F /* SceneDelegate.swift */,
				052A2778251F838900909A6E /* Constants.swift */,
			);
			path = App;
			sourceTree = "<group>";
		};
		05BEE20E251F315900BEDE9F /* Managers */ = {
			isa = PBXGroup;
			children = (
				05BEE20F251F317C00BEDE9F /* NetworkManager.swift */,
				05BEE211251F329200BEDE9F /* Reachability.swift */,
				05BEE216251F3C8A00BEDE9F /* AlertManager.swift */,
				054C55E62524CAC60019F49C /* CoreDataManager.swift */,
			);
			path = Managers;
			sourceTree = "<group>";
		};
		05BEE213251F334300BEDE9F /* Extensions */ = {
			isa = PBXGroup;
			children = (
				05BEE214251F336E00BEDE9F /* PrintExtensions.swift */,
				056099C825220F1800C77659 /* UITableView+Methods.swift */,
				056099D02522130100C77659 /* Array.swift */,
			);
			path = Extensions;
			sourceTree = "<group>";
		};
/* End PBXGroup section */

/* Begin PBXNativeTarget section */
		05BEE1F1251F2CDC00BEDE9F /* TheMovieTest */ = {
			isa = PBXNativeTarget;
			buildConfigurationList = 05BEE206251F2CDE00BEDE9F /* Build configuration list for PBXNativeTarget "TheMovieTest" */;
			buildPhases = (
				05BEE1EE251F2CDC00BEDE9F /* Sources */,
				05BEE1EF251F2CDC00BEDE9F /* Frameworks */,
				05BEE1F0251F2CDC00BEDE9F /* Resources */,
			);
			buildRules = (
			);
			dependencies = (
			);
			name = TheMovieTest;
			packageProductDependencies = (
				05D823C7252226100006FE6D /* SDWebImage */,
			);
			productName = TheMovieTest;
			productReference = 05BEE1F2251F2CDC00BEDE9F /* TheMovieTest.app */;
			productType = "com.apple.product-type.application";
		};
/* End PBXNativeTarget section */

/* Begin PBXProject section */
		05BEE1EA251F2CDC00BEDE9F /* Project object */ = {
			isa = PBXProject;
			attributes = {
				LastSwiftUpdateCheck = 1170;
				LastUpgradeCheck = 1170;
				ORGANIZATIONNAME = "Roman Rybachenko";
				TargetAttributes = {
					05BEE1F1251F2CDC00BEDE9F = {
						CreatedOnToolsVersion = 11.7;
					};
				};
			};
			buildConfigurationList = 05BEE1ED251F2CDC00BEDE9F /* Build configuration list for PBXProject "TheMovieTest" */;
			compatibilityVersion = "Xcode 9.3";
			developmentRegion = en;
			hasScannedForEncodings = 0;
			knownRegions = (
				en,
				Base,
			);
			mainGroup = 05BEE1E9251F2CDC00BEDE9F;
			packageReferences = (
				05D823C6252226100006FE6D /* XCRemoteSwiftPackageReference "SDWebImage" */,
			);
			productRefGroup = 05BEE1F3251F2CDC00BEDE9F /* Products */;
			projectDirPath = "";
			projectRoot = "";
			targets = (
				05BEE1F1251F2CDC00BEDE9F /* TheMovieTest */,
			);
		};
/* End PBXProject section */

/* Begin PBXResourcesBuildPhase section */
		05BEE1F0251F2CDC00BEDE9F /* Resources */ = {
			isa = PBXResourcesBuildPhase;
			buildActionMask = 2147483647;
			files = (
				05BEE202251F2CDE00BEDE9F /* LaunchScreen.storyboard in Resources */,
				05BEE1FF251F2CDE00BEDE9F /* Assets.xcassets in Resources */,
				056099D72522184600C77659 /* MovieCell.xib in Resources */,
				05BEE1FD251F2CDD00BEDE9F /* Main.storyboard in Resources */,
			);
			runOnlyForDeploymentPostprocessing = 0;
		};
/* End PBXResourcesBuildPhase section */

/* Begin PBXSourcesBuildPhase section */
		05BEE1EE251F2CDC00BEDE9F /* Sources */ = {
			isa = PBXSourcesBuildPhase;
			buildActionMask = 2147483647;
			files = (
				05BEE210251F317C00BEDE9F /* NetworkManager.swift in Sources */,
				05F0728A252244AF00786366 /* WebViewController.swift in Sources */,
				05BEE1F6251F2CDC00BEDE9F /* AppDelegate.swift in Sources */,
				05BEE215251F336E00BEDE9F /* PrintExtensions.swift in Sources */,
				05BEE217251F3C8A00BEDE9F /* AlertManager.swift in Sources */,
				054C56102524DC360019F49C /* CDMovieVideo+CoreDataClass.swift in Sources */,
				056099C525220EF800C77659 /* ReusableCell.swift in Sources */,
				056099C925220F1800C77659 /* UITableView+Methods.swift in Sources */,
				056099CF252210B800C77659 /* DataLoadable.swift in Sources */,
				056099C1252203B000C77659 /* SwiftyJSON.swift in Sources */,
				054C560F2524DC360019F49C /* CDFavoriteMovie+CoreDataProperties.swift in Sources */,
				056099D12522130100C77659 /* Array.swift in Sources */,
				054C55E52524CA5C0019F49C /* TheMovieTest.xcdatamodeld in Sources */,
				052A277E251F909B00909A6E /* ServerError.swift in Sources */,
				056099BF2521CD0A00C77659 /* TMDateFormatter.swift in Sources */,
				050EAA84252248B000E9CA26 /* MovieVideo.swift in Sources */,
				05BEE212251F329200BEDE9F /* Reachability.swift in Sources */,
				05BEE1F8251F2CDC00BEDE9F /* SceneDelegate.swift in Sources */,
				054C560E2524DC360019F49C /* CDFavoriteMovie+CoreDataClass.swift in Sources */,
				056099D62522184600C77659 /* MovieCell.swift in Sources */,
				052A2779251F838900909A6E /* Constants.swift in Sources */,
				054C55E72524CAC70019F49C /* CoreDataManager.swift in Sources */,
				056099C725220F0400C77659 /* Storyboardable.swift in Sources */,
				052A2780251F912A00909A6E /* Movie.swift in Sources */,
				052A277C251F8E6E00909A6E /* TMError.swift in Sources */,
				056099BC2521CCBA00C77659 /* Utils.swift in Sources */,
				056099CD25220FA400C77659 /* MoviesPresenter.swift in Sources */,
				056099CB25220F8400C77659 /* MoviesViewController.swift in Sources */,
				054C560D2524DC360019F49C /* CDMovieVideo+CoreDataProperties.swift in Sources */,
			);
			runOnlyForDeploymentPostprocessing = 0;
		};
/* End PBXSourcesBuildPhase section */

/* Begin PBXVariantGroup section */
		05BEE1FB251F2CDD00BEDE9F /* Main.storyboard */ = {
			isa = PBXVariantGroup;
			children = (
				05BEE1FC251F2CDD00BEDE9F /* Base */,
			);
			name = Main.storyboard;
			sourceTree = "<group>";
		};
		05BEE200251F2CDE00BEDE9F /* LaunchScreen.storyboard */ = {
			isa = PBXVariantGroup;
			children = (
				05BEE201251F2CDE00BEDE9F /* Base */,
			);
			name = LaunchScreen.storyboard;
			sourceTree = "<group>";
		};
/* End PBXVariantGroup section */

/* Begin XCBuildConfiguration section */
		05BEE204251F2CDE00BEDE9F /* Debug */ = {
			isa = XCBuildConfiguration;
			buildSettings = {
				ALWAYS_SEARCH_USER_PATHS = NO;
				CLANG_ANALYZER_NONNULL = YES;
				CLANG_ANALYZER_NUMBER_OBJECT_CONVERSION = YES_AGGRESSIVE;
				CLANG_CXX_LANGUAGE_STANDARD = "gnu++14";
				CLANG_CXX_LIBRARY = "libc++";
				CLANG_ENABLE_MODULES = YES;
				CLANG_ENABLE_OBJC_ARC = YES;
				CLANG_ENABLE_OBJC_WEAK = YES;
				CLANG_WARN_BLOCK_CAPTURE_AUTORELEASING = YES;
				CLANG_WARN_BOOL_CONVERSION = YES;
				CLANG_WARN_COMMA = YES;
				CLANG_WARN_CONSTANT_CONVERSION = YES;
				CLANG_WARN_DEPRECATED_OBJC_IMPLEMENTATIONS = YES;
				CLANG_WARN_DIRECT_OBJC_ISA_USAGE = YES_ERROR;
				CLANG_WARN_DOCUMENTATION_COMMENTS = YES;
				CLANG_WARN_EMPTY_BODY = YES;
				CLANG_WARN_ENUM_CONVERSION = YES;
				CLANG_WARN_INFINITE_RECURSION = YES;
				CLANG_WARN_INT_CONVERSION = YES;
				CLANG_WARN_NON_LITERAL_NULL_CONVERSION = YES;
				CLANG_WARN_OBJC_IMPLICIT_RETAIN_SELF = YES;
				CLANG_WARN_OBJC_LITERAL_CONVERSION = YES;
				CLANG_WARN_OBJC_ROOT_CLASS = YES_ERROR;
				CLANG_WARN_RANGE_LOOP_ANALYSIS = YES;
				CLANG_WARN_STRICT_PROTOTYPES = YES;
				CLANG_WARN_SUSPICIOUS_MOVE = YES;
				CLANG_WARN_UNGUARDED_AVAILABILITY = YES_AGGRESSIVE;
				CLANG_WARN_UNREACHABLE_CODE = YES;
				CLANG_WARN__DUPLICATE_METHOD_MATCH = YES;
				COPY_PHASE_STRIP = NO;
				DEBUG_INFORMATION_FORMAT = dwarf;
				ENABLE_STRICT_OBJC_MSGSEND = YES;
				ENABLE_TESTABILITY = YES;
				GCC_C_LANGUAGE_STANDARD = gnu11;
				GCC_DYNAMIC_NO_PIC = NO;
				GCC_NO_COMMON_BLOCKS = YES;
				GCC_OPTIMIZATION_LEVEL = 0;
				GCC_PREPROCESSOR_DEFINITIONS = (
					"DEBUG=1",
					"$(inherited)",
				);
				GCC_WARN_64_TO_32_BIT_CONVERSION = YES;
				GCC_WARN_ABOUT_RETURN_TYPE = YES_ERROR;
				GCC_WARN_UNDECLARED_SELECTOR = YES;
				GCC_WARN_UNINITIALIZED_AUTOS = YES_AGGRESSIVE;
				GCC_WARN_UNUSED_FUNCTION = YES;
				GCC_WARN_UNUSED_VARIABLE = YES;
				IPHONEOS_DEPLOYMENT_TARGET = 13.7;
				MTL_ENABLE_DEBUG_INFO = INCLUDE_SOURCE;
				MTL_FAST_MATH = YES;
				ONLY_ACTIVE_ARCH = YES;
				SDKROOT = iphoneos;
				SWIFT_ACTIVE_COMPILATION_CONDITIONS = DEBUG;
				SWIFT_OPTIMIZATION_LEVEL = "-Onone";
			};
			name = Debug;
		};
		05BEE205251F2CDE00BEDE9F /* Release */ = {
			isa = XCBuildConfiguration;
			buildSettings = {
				ALWAYS_SEARCH_USER_PATHS = NO;
				CLANG_ANALYZER_NONNULL = YES;
				CLANG_ANALYZER_NUMBER_OBJECT_CONVERSION = YES_AGGRESSIVE;
				CLANG_CXX_LANGUAGE_STANDARD = "gnu++14";
				CLANG_CXX_LIBRARY = "libc++";
				CLANG_ENABLE_MODULES = YES;
				CLANG_ENABLE_OBJC_ARC = YES;
				CLANG_ENABLE_OBJC_WEAK = YES;
				CLANG_WARN_BLOCK_CAPTURE_AUTORELEASING = YES;
				CLANG_WARN_BOOL_CONVERSION = YES;
				CLANG_WARN_COMMA = YES;
				CLANG_WARN_CONSTANT_CONVERSION = YES;
				CLANG_WARN_DEPRECATED_OBJC_IMPLEMENTATIONS = YES;
				CLANG_WARN_DIRECT_OBJC_ISA_USAGE = YES_ERROR;
				CLANG_WARN_DOCUMENTATION_COMMENTS = YES;
				CLANG_WARN_EMPTY_BODY = YES;
				CLANG_WARN_ENUM_CONVERSION = YES;
				CLANG_WARN_INFINITE_RECURSION = YES;
				CLANG_WARN_INT_CONVERSION = YES;
				CLANG_WARN_NON_LITERAL_NULL_CONVERSION = YES;
				CLANG_WARN_OBJC_IMPLICIT_RETAIN_SELF = YES;
				CLANG_WARN_OBJC_LITERAL_CONVERSION = YES;
				CLANG_WARN_OBJC_ROOT_CLASS = YES_ERROR;
				CLANG_WARN_RANGE_LOOP_ANALYSIS = YES;
				CLANG_WARN_STRICT_PROTOTYPES = YES;
				CLANG_WARN_SUSPICIOUS_MOVE = YES;
				CLANG_WARN_UNGUARDED_AVAILABILITY = YES_AGGRESSIVE;
				CLANG_WARN_UNREACHABLE_CODE = YES;
				CLANG_WARN__DUPLICATE_METHOD_MATCH = YES;
				COPY_PHASE_STRIP = NO;
				DEBUG_INFORMATION_FORMAT = "dwarf-with-dsym";
				ENABLE_NS_ASSERTIONS = NO;
				ENABLE_STRICT_OBJC_MSGSEND = YES;
				GCC_C_LANGUAGE_STANDARD = gnu11;
				GCC_NO_COMMON_BLOCKS = YES;
				GCC_WARN_64_TO_32_BIT_CONVERSION = YES;
				GCC_WARN_ABOUT_RETURN_TYPE = YES_ERROR;
				GCC_WARN_UNDECLARED_SELECTOR = YES;
				GCC_WARN_UNINITIALIZED_AUTOS = YES_AGGRESSIVE;
				GCC_WARN_UNUSED_FUNCTION = YES;
				GCC_WARN_UNUSED_VARIABLE = YES;
				IPHONEOS_DEPLOYMENT_TARGET = 13.7;
				MTL_ENABLE_DEBUG_INFO = NO;
				MTL_FAST_MATH = YES;
				SDKROOT = iphoneos;
				SWIFT_COMPILATION_MODE = wholemodule;
				SWIFT_OPTIMIZATION_LEVEL = "-O";
				VALIDATE_PRODUCT = YES;
			};
			name = Release;
		};
		05BEE207251F2CDE00BEDE9F /* Debug */ = {
			isa = XCBuildConfiguration;
			buildSettings = {
				ASSETCATALOG_COMPILER_APPICON_NAME = AppIcon;
				CODE_SIGN_STYLE = Automatic;
				DEVELOPMENT_TEAM = UHJFHS6M7R;
				INFOPLIST_FILE = TheMovieTest/Resources/Info.plist;
				IPHONEOS_DEPLOYMENT_TARGET = 13.0;
				LD_RUNPATH_SEARCH_PATHS = (
					"$(inherited)",
					"@executable_path/Frameworks",
				);
				PRODUCT_BUNDLE_IDENTIFIER = com.rrybachenko.TheMovieTest;
				PRODUCT_NAME = "$(TARGET_NAME)";
				SWIFT_VERSION = 5.0;
				TARGETED_DEVICE_FAMILY = "1,2";
			};
			name = Debug;
		};
		05BEE208251F2CDE00BEDE9F /* Release */ = {
			isa = XCBuildConfiguration;
			buildSettings = {
				ASSETCATALOG_COMPILER_APPICON_NAME = AppIcon;
				CODE_SIGN_STYLE = Automatic;
				DEVELOPMENT_TEAM = UHJFHS6M7R;
				INFOPLIST_FILE = TheMovieTest/Resources/Info.plist;
				IPHONEOS_DEPLOYMENT_TARGET = 13.0;
				LD_RUNPATH_SEARCH_PATHS = (
					"$(inherited)",
					"@executable_path/Frameworks",
				);
				PRODUCT_BUNDLE_IDENTIFIER = com.rrybachenko.TheMovieTest;
				PRODUCT_NAME = "$(TARGET_NAME)";
				SWIFT_VERSION = 5.0;
				TARGETED_DEVICE_FAMILY = "1,2";
			};
			name = Release;
		};
/* End XCBuildConfiguration section */

/* Begin XCConfigurationList section */
		05BEE1ED251F2CDC00BEDE9F /* Build configuration list for PBXProject "TheMovieTest" */ = {
			isa = XCConfigurationList;
			buildConfigurations = (
				05BEE204251F2CDE00BEDE9F /* Debug */,
				05BEE205251F2CDE00BEDE9F /* Release */,
			);
			defaultConfigurationIsVisible = 0;
			defaultConfigurationName = Release;
		};
		05BEE206251F2CDE00BEDE9F /* Build configuration list for PBXNativeTarget "TheMovieTest" */ = {
			isa = XCConfigurationList;
			buildConfigurations = (
				05BEE207251F2CDE00BEDE9F /* Debug */,
				05BEE208251F2CDE00BEDE9F /* Release */,
			);
			defaultConfigurationIsVisible = 0;
			defaultConfigurationName = Release;
		};
/* End XCConfigurationList section */

/* Begin XCRemoteSwiftPackageReference section */
		05D823C6252226100006FE6D /* XCRemoteSwiftPackageReference "SDWebImage" */ = {
			isa = XCRemoteSwiftPackageReference;
			repositoryURL = "https://github.com/SDWebImage/SDWebImage";
			requirement = {
				kind = upToNextMajorVersion;
				minimumVersion = 5.9.1;
			};
		};
/* End XCRemoteSwiftPackageReference section */

/* Begin XCSwiftPackageProductDependency section */
		05D823C7252226100006FE6D /* SDWebImage */ = {
			isa = XCSwiftPackageProductDependency;
			package = 05D823C6252226100006FE6D /* XCRemoteSwiftPackageReference "SDWebImage" */;
			productName = SDWebImage;
		};
/* End XCSwiftPackageProductDependency section */

/* Begin XCVersionGroup section */
		054C55E32524CA5C0019F49C /* TheMovieTest.xcdatamodeld */ = {
			isa = XCVersionGroup;
			children = (
				054C55E42524CA5C0019F49C /* TheMovieTest.xcdatamodel */,
			);
			currentVersion = 054C55E42524CA5C0019F49C /* TheMovieTest.xcdatamodel */;
			path = TheMovieTest.xcdatamodeld;
			sourceTree = "<group>";
			versionGroupType = wrapper.xcdatamodel;
		};
/* End XCVersionGroup section */
	};
	rootObject = 05BEE1EA251F2CDC00BEDE9F /* Project object */;
}
